/*
    This file is part of Crossbear.

    Crossbear is free software: you can redistribute it and/or modify
    it under the terms of the GNU General Public License as published by
    the Free Software Foundation, either version 3 of the License, or
    (at your option) any later version.

    Crossbear is distributed in the hope that it will be useful,
    but WITHOUT ANY WARRANTY; without even the implied warranty of
    MERCHANTABILITY or FITNESS FOR A PARTICULAR PURPOSE.  See the
    GNU General Public License for more details.

    You should have received a copy of the GNU General Public License
    along with Crossbear.  If not, see <http://www.gnu.org/licenses/>.
*/

﻿
Microsoft Visual Studio Solution File, Format Version 11.00
# Visual Studio 2010
Project("{8BC9CEB8-8B4A-11D0-8D11-00A0C91BC942}") = "crossbear", "crossbear.vcxproj", "{B3A737AF-A75D-49D7-BD01-E5582EF980EB}"
EndProject
Global
	GlobalSection(SolutionConfigurationPlatforms) = preSolution
		Debug|Win32 = Debug|Win32
		Release|Win32 = Release|Win32
	EndGlobalSection
	GlobalSection(ProjectConfigurationPlatforms) = postSolution
		{B3A737AF-A75D-49D7-BD01-E5582EF980EB}.Debug|Win32.ActiveCfg = Debug|Win32
		{B3A737AF-A75D-49D7-BD01-E5582EF980EB}.Debug|Win32.Build.0 = Debug|Win32
		{B3A737AF-A75D-49D7-BD01-E5582EF980EB}.Release|Win32.ActiveCfg = Release|Win32
		{B3A737AF-A75D-49D7-BD01-E5582EF980EB}.Release|Win32.Build.0 = Release|Win32
	EndGlobalSection
	GlobalSection(SolutionProperties) = preSolution
		HideSolutionNode = FALSE
	EndGlobalSection
EndGlobal
